{
  "requires": true,
  "lockfileVersion": 1,
  "dependencies": {
    "ed-grid": {
      "version": "2.1.7",
      "resolved": "https://registry.npmjs.org/ed-grid/-/ed-grid-2.1.7.tgz",
      "integrity": "sha512-xqcF57ZVHtKm6c047f7beGg2uZNy/3TJN4YL8MePN+fYubwW5/pt7AXYSBDSxEl6bvedYc6YAt90CKpd65avRw=="
    }
  }
}
